
Microsoft Visual Studio Solution File, Format Version 12.00
# Visual Studio Version 17
VisualStudioVersion = 17.1.32228.430
MinimumVisualStudioVersion = 10.0.40219.1
Project("{FAE04EC0-301F-11D3-BF4B-00C04F79EFBC}") = "treino2", "treino2\treino2.csproj", "{E106896B-5410-415F-9EB2-800662AFA079}"
EndProject
Global
	GlobalSection(SolutionConfigurationPlatforms) = preSolution
		Debug|Any CPU = Debug|Any CPU
		Release|Any CPU = Release|Any CPU
	EndGlobalSection
	GlobalSection(ProjectConfigurationPlatforms) = postSolution
		{E106896B-5410-415F-9EB2-800662AFA079}.Debug|Any CPU.ActiveCfg = Debug|Any CPU
		{E106896B-5410-415F-9EB2-800662AFA079}.Debug|Any CPU.Build.0 = Debug|Any CPU
		{E106896B-5410-415F-9EB2-800662AFA079}.Release|Any CPU.ActiveCfg = Release|Any CPU
		{E106896B-5410-415F-9EB2-800662AFA079}.Release|Any CPU.Build.0 = Release|Any CPU
	EndGlobalSection
	GlobalSection(SolutionProperties) = preSolution
		HideSolutionNode = FALSE
	EndGlobalSection
	GlobalSection(ExtensibilityGlobals) = postSolution
		SolutionGuid = {EDB9E771-8EDE-4CED-B47E-9F9690333BF8}
	EndGlobalSection
EndGlobal
